
Microsoft Visual Studio Solution File, Format Version 12.00
# Visual Studio Version 16
VisualStudioVersion = 16.0.30907.101
MinimumVisualStudioVersion = 10.0.40219.1
Project("{FAE04EC0-301F-11D3-BF4B-00C04F79EFBC}") = "ConsoleUI", "ConsoleUI\ConsoleUI.csproj", "{31767270-DF41-433A-8E28-CC0CE2AD7508}"
EndProject
Project("{FAE04EC0-301F-11D3-BF4B-00C04F79EFBC}") = "Business", "Business\Business.csproj", "{FB09B0D9-DB97-4354-9DFA-F30A789EAF6A}"
EndProject
Project("{FAE04EC0-301F-11D3-BF4B-00C04F79EFBC}") = "DataAccess", "DataAccess\DataAccess.csproj", "{FA2A6DA2-BCDE-455A-B96E-48B995966875}"
EndProject
Project("{FAE04EC0-301F-11D3-BF4B-00C04F79EFBC}") = "Entities", "Entities\Entities.csproj", "{BA703CA5-5017-4ADD-B938-0BC4D2C29F1F}"
EndProject
Global
	GlobalSection(SolutionConfigurationPlatforms) = preSolution
		Debug|Any CPU = Debug|Any CPU
		Release|Any CPU = Release|Any CPU
	EndGlobalSection
	GlobalSection(ProjectConfigurationPlatforms) = postSolution
		{31767270-DF41-433A-8E28-CC0CE2AD7508}.Debug|Any CPU.ActiveCfg = Debug|Any CPU
		{31767270-DF41-433A-8E28-CC0CE2AD7508}.Debug|Any CPU.Build.0 = Debug|Any CPU
		{31767270-DF41-433A-8E28-CC0CE2AD7508}.Release|Any CPU.ActiveCfg = Release|Any CPU
		{31767270-DF41-433A-8E28-CC0CE2AD7508}.Release|Any CPU.Build.0 = Release|Any CPU
		{FB09B0D9-DB97-4354-9DFA-F30A789EAF6A}.Debug|Any CPU.ActiveCfg = Debug|Any CPU
		{FB09B0D9-DB97-4354-9DFA-F30A789EAF6A}.Debug|Any CPU.Build.0 = Debug|Any CPU
		{FB09B0D9-DB97-4354-9DFA-F30A789EAF6A}.Release|Any CPU.ActiveCfg = Release|Any CPU
		{FB09B0D9-DB97-4354-9DFA-F30A789EAF6A}.Release|Any CPU.Build.0 = Release|Any CPU
		{FA2A6DA2-BCDE-455A-B96E-48B995966875}.Debug|Any CPU.ActiveCfg = Debug|Any CPU
		{FA2A6DA2-BCDE-455A-B96E-48B995966875}.Debug|Any CPU.Build.0 = Debug|Any CPU
		{FA2A6DA2-BCDE-455A-B96E-48B995966875}.Release|Any CPU.ActiveCfg = Release|Any CPU
		{FA2A6DA2-BCDE-455A-B96E-48B995966875}.Release|Any CPU.Build.0 = Release|Any CPU
		{BA703CA5-5017-4ADD-B938-0BC4D2C29F1F}.Debug|Any CPU.ActiveCfg = Debug|Any CPU
		{BA703CA5-5017-4ADD-B938-0BC4D2C29F1F}.Debug|Any CPU.Build.0 = Debug|Any CPU
		{BA703CA5-5017-4ADD-B938-0BC4D2C29F1F}.Release|Any CPU.ActiveCfg = Release|Any CPU
		{BA703CA5-5017-4ADD-B938-0BC4D2C29F1F}.Release|Any CPU.Build.0 = Release|Any CPU
	EndGlobalSection
	GlobalSection(SolutionProperties) = preSolution
		HideSolutionNode = FALSE
	EndGlobalSection
	GlobalSection(ExtensibilityGlobals) = postSolution
		SolutionGuid = {E835606F-8545-4377-BE77-EC7AB5475B83}
	EndGlobalSection
EndGlobal
